
Microsoft Visual Studio Solution File, Format Version 12.00
# Visual Studio Version 17
VisualStudioVersion = 17.14.36327.8 d17.14
MinimumVisualStudioVersion = 10.0.40219.1
Project("{FAE04EC0-301F-11D3-BF4B-00C04F79EFBC}") = "API", "API\API.csproj", "{1CB3646D-A508-48B5-B0B3-F4AAC13D5AFD}"
EndProject
Project("{FAE04EC0-301F-11D3-BF4B-00C04F79EFBC}") = "Domain", "Domain\Domain.csproj", "{4FE6E9C4-F7C3-439C-9F29-394086DEF960}"
EndProject
Project("{FAE04EC0-301F-11D3-BF4B-00C04F79EFBC}") = "Application", "Application\Application.csproj", "{3EA4FFB2-C023-426D-9676-494C6C63F664}"
EndProject
Project("{FAE04EC0-301F-11D3-BF4B-00C04F79EFBC}") = "Contracts", "Contracts\Contracts.csproj", "{A3CE79D0-5778-4EDF-899A-7021FE7D5F95}"
EndProject
Project("{FAE04EC0-301F-11D3-BF4B-00C04F79EFBC}") = "Infrastructure", "Infrastracture\Infrastructure.csproj", "{E0319CA5-87FA-42C4-987A-FAE58B6C6054}"
EndProject
Global
	GlobalSection(SolutionConfigurationPlatforms) = preSolution
		Debug|Any CPU = Debug|Any CPU
		Release|Any CPU = Release|Any CPU
	EndGlobalSection
	GlobalSection(ProjectConfigurationPlatforms) = postSolution
		{1CB3646D-A508-48B5-B0B3-F4AAC13D5AFD}.Debug|Any CPU.ActiveCfg = Debug|Any CPU
		{1CB3646D-A508-48B5-B0B3-F4AAC13D5AFD}.Debug|Any CPU.Build.0 = Debug|Any CPU
		{1CB3646D-A508-48B5-B0B3-F4AAC13D5AFD}.Release|Any CPU.ActiveCfg = Release|Any CPU
		{1CB3646D-A508-48B5-B0B3-F4AAC13D5AFD}.Release|Any CPU.Build.0 = Release|Any CPU
		{4FE6E9C4-F7C3-439C-9F29-394086DEF960}.Debug|Any CPU.ActiveCfg = Debug|Any CPU
		{4FE6E9C4-F7C3-439C-9F29-394086DEF960}.Debug|Any CPU.Build.0 = Debug|Any CPU
		{4FE6E9C4-F7C3-439C-9F29-394086DEF960}.Release|Any CPU.ActiveCfg = Release|Any CPU
		{4FE6E9C4-F7C3-439C-9F29-394086DEF960}.Release|Any CPU.Build.0 = Release|Any CPU
		{3EA4FFB2-C023-426D-9676-494C6C63F664}.Debug|Any CPU.ActiveCfg = Debug|Any CPU
		{3EA4FFB2-C023-426D-9676-494C6C63F664}.Debug|Any CPU.Build.0 = Debug|Any CPU
		{3EA4FFB2-C023-426D-9676-494C6C63F664}.Release|Any CPU.ActiveCfg = Release|Any CPU
		{3EA4FFB2-C023-426D-9676-494C6C63F664}.Release|Any CPU.Build.0 = Release|Any CPU
		{A3CE79D0-5778-4EDF-899A-7021FE7D5F95}.Debug|Any CPU.ActiveCfg = Debug|Any CPU
		{A3CE79D0-5778-4EDF-899A-7021FE7D5F95}.Debug|Any CPU.Build.0 = Debug|Any CPU
		{A3CE79D0-5778-4EDF-899A-7021FE7D5F95}.Release|Any CPU.ActiveCfg = Release|Any CPU
		{A3CE79D0-5778-4EDF-899A-7021FE7D5F95}.Release|Any CPU.Build.0 = Release|Any CPU
		{E0319CA5-87FA-42C4-987A-FAE58B6C6054}.Debug|Any CPU.ActiveCfg = Debug|Any CPU
		{E0319CA5-87FA-42C4-987A-FAE58B6C6054}.Debug|Any CPU.Build.0 = Debug|Any CPU
		{E0319CA5-87FA-42C4-987A-FAE58B6C6054}.Release|Any CPU.ActiveCfg = Release|Any CPU
		{E0319CA5-87FA-42C4-987A-FAE58B6C6054}.Release|Any CPU.Build.0 = Release|Any CPU
	EndGlobalSection
	GlobalSection(SolutionProperties) = preSolution
		HideSolutionNode = FALSE
	EndGlobalSection
	GlobalSection(ExtensibilityGlobals) = postSolution
		SolutionGuid = {A3C91861-89EE-4D7C-AD0A-1D5D9C42F240}
	EndGlobalSection
EndGlobal
